# THIS IS AN AUTOGENERATED FILE. DO NOT EDIT THIS FILE DIRECTLY.
# yarn lockfile v1


"@esbuild/aix-ppc64@0.24.1":
  version "0.24.1"
  resolved "https://registry.yarnpkg.com/@esbuild/aix-ppc64/-/aix-ppc64-0.24.1.tgz#6c744c62a8a0255c3702c3e18fdb02415b4c03ea"
  integrity sha512-rHKbvBIQEe46PUybicWHsWmStdB3fvHi7CKa36Ip6xUqEr61BmGcnrYohXRNswU9zP/okYLXMzIW6D0neeNv6Q==

"@esbuild/android-arm64@0.24.1":
  version "0.24.1"
  resolved "https://registry.yarnpkg.com/@esbuild/android-arm64/-/android-arm64-0.24.1.tgz#415f8b7951bfd679a386c548155444ee1bd86e04"
  integrity sha512-0jrWbRDWSPNSmt0HDp4qhWHeL69BL3YSSCGlwNn4logcOijz7nLMsHLT1g5Kb9A8T3dCjX+5qekr5zkH+gbqxQ==

"@esbuild/android-arm@0.24.1":
  version "0.24.1"
  resolved "https://registry.yarnpkg.com/@esbuild/android-arm/-/android-arm-0.24.1.tgz#db64da18f4be8180e2acb4c2ba8aa44dc04c39bf"
  integrity sha512-gKHsqtULVpVfsffGLaU/W4Jx+DLU8BLOQtvBrg+R22tz422VMgBK5moQ/ELDTRPR7Tqt9gLNk13XlvOFinXSzQ==

"@esbuild/android-x64@0.24.1":
  version "0.24.1"
  resolved "https://registry.yarnpkg.com/@esbuild/android-x64/-/android-x64-0.24.1.tgz#033ad3a8ee7c2277df2f6022e7fd5c46b74ace19"
  integrity sha512-FafSki3AkovwnU7zSMDyMKP93Fre1E+c7/mVErP46Y+63RiU2fvKekgpMuLkABDGLGahB/DD0PkPm0YAINmH0Q==

"@esbuild/darwin-arm64@0.24.1":
  version "0.24.1"
  resolved "https://registry.yarnpkg.com/@esbuild/darwin-arm64/-/darwin-arm64-0.24.1.tgz#ec48baaf74657955f68e721e166580aa930009d3"
  integrity sha512-hJU5uPOQ0SBZ+0OZVx9dkpNyS0Cj1O7sjmqFMeQdp5ATYzCHhMD0CREHgq59eB0AFtCYDBoNcZXNJPwEZ/XDpA==

"@esbuild/darwin-x64@0.24.1":
  version "0.24.1"
  resolved "https://registry.yarnpkg.com/@esbuild/darwin-x64/-/darwin-x64-0.24.1.tgz#c8350c72d53fb118fbc08984b44b93ed207a63f0"
  integrity sha512-siNAX65WSBKU7c+XJEKByMruE/JsHY9HU+n5BIMiNlo5axVbWwGXN4HhJQzOlY4TtOwSt3LRbS0zuI5SOjgoyg==

"@esbuild/freebsd-arm64@0.24.1":
  version "0.24.1"
  resolved "https://registry.yarnpkg.com/@esbuild/freebsd-arm64/-/freebsd-arm64-0.24.1.tgz#e7af88b49d4fab4ff195a994746c196eb43a65f4"
  integrity sha512-Kkl8APGvkp1S1g9tttiicChe49p+A3198sISIVcUGECqDPFXk9hSmVrUmaoCZWKo/zGK9TgLczLRLXduuhLplw==

"@esbuild/freebsd-x64@0.24.1":
  version "0.24.1"
  resolved "https://registry.yarnpkg.com/@esbuild/freebsd-x64/-/freebsd-x64-0.24.1.tgz#92829d867397cdd2b2712263f645ead20e2db912"
  integrity sha512-7hm+A84yjna/LTVLad+8iG5cB/Ik+M/ekSrN4ALs9GolbwcyvtjSD+xoPhFFAg8D7xVu0JdDIoNNZ6+KWLcPoQ==

"@esbuild/linux-arm64@0.24.1":
  version "0.24.1"
  resolved "https://registry.yarnpkg.com/@esbuild/linux-arm64/-/linux-arm64-0.24.1.tgz#0901ffe1361a2282063239ac2da2578d2c97d7e2"
  integrity sha512-hjv91wG/3V8oKFa6yAew5wFYc+8usgOL/VH6cNEqFtqpWf8RDmwMIRnTmqwxGJ9/9H5ib3KZfgcIgYwoX7F9VQ==

"@esbuild/linux-arm@0.24.1":
  version "0.24.1"
  resolved "https://registry.yarnpkg.com/@esbuild/linux-arm/-/linux-arm-0.24.1.tgz#d69a209b1549a95db0770a6e5f5631c61572803d"
  integrity sha512-USovmgDDpiWs16nRCH/NmRfQUJEaGGDPHqK6+pGzuMZOfoe0MAciJRMu1AKP3Ky4gnpuQcXv7aPHpX0IwLWRhA==

"@esbuild/linux-ia32@0.24.1":
  version "0.24.1"
  resolved "https://registry.yarnpkg.com/@esbuild/linux-ia32/-/linux-ia32-0.24.1.tgz#9ab1765b837e53acbe1799c784e17996506ed1e6"
  integrity sha512-TwspFcPJpYyBqDcoqSLBBaoGRGiPWkjH5V4raiFQ6maAkBho/rfQvtVpNPkLHEwnPlVSdl4HkHZ3n7NvvtU10w==

"@esbuild/linux-loong64@0.24.1":
  version "0.24.1"
  resolved "https://registry.yarnpkg.com/@esbuild/linux-loong64/-/linux-loong64-0.24.1.tgz#c5fd74a7a4a4f1c21e295a06e9675415d1a1f386"
  integrity sha512-BS3gcpF33m9hiVFeMCF2+LTdkEr/JljXZGQrlR0Bb7B3pn+uQrAJebclIGar+r8BDJ2yvX9bN4GmMPIKdS20EA==

"@esbuild/linux-mips64el@0.24.1":
  version "0.24.1"
  resolved "https://registry.yarnpkg.com/@esbuild/linux-mips64el/-/linux-mips64el-0.24.1.tgz#e875a73cb836e82e167346545a3a62fd031c222b"
  integrity sha512-X35vI7EufAX17Nqo6XoD89/HSlPJUB5zJ1UKeTiGOLXpOaz7zo+t1trSQOoq2Gr8usOX++S77VUw6L2wTMc2cA==

"@esbuild/linux-ppc64@0.24.1":
  version "0.24.1"
  resolved "https://registry.yarnpkg.com/@esbuild/linux-ppc64/-/linux-ppc64-0.24.1.tgz#261c3ac86b75940e4b0e81e9676cbdb59b60a176"
  integrity sha512-I+XQCBhTIXKqyLFDcyMP9Dp0u0fx2TiH3BTh4iIg58/a5hmS3l3Yr2AHG8gEsmjUA7WGfKy2ZqxsaVud15iI1w==

"@esbuild/linux-riscv64@0.24.1":
  version "0.24.1"
  resolved "https://registry.yarnpkg.com/@esbuild/linux-riscv64/-/linux-riscv64-0.24.1.tgz#600e64c39f47411486ae53cb8a4da63594a0dcb0"
  integrity sha512-wK7f0cK/Mq2x42ImYAr+OWzyv4OQUQj/RcKvbxcEoe46LFCa4w08Cqow9zX8vN9SE8BScm4NGYT7CO0G8UBrTA==

"@esbuild/linux-s390x@0.24.1":
  version "0.24.1"
  resolved "https://registry.yarnpkg.com/@esbuild/linux-s390x/-/linux-s390x-0.24.1.tgz#b210628db31d5712e2ee4536d4f133d0f650253a"
  integrity sha512-47oImRwZavr5qEvEHNPcdly8LuFp3i4xrqT9mNbUn4ZKbwyegVp10k1E1YARiOim8ggfPAPABhPqXdS1NJOAnw==

"@esbuild/linux-x64@0.24.1":
  version "0.24.1"
  resolved "https://registry.yarnpkg.com/@esbuild/linux-x64/-/linux-x64-0.24.1.tgz#04d4adc0589e48aecd113c98b43da339b899df96"
  integrity sha512-8qkGHVK1hH819iH7c9OsQsfUhJ0cgznoGT6vHRNxvNFPhcn0Y7HXLS0ndpY1sUkSM+umIdknz6vEqgPk6pbyIA==

"@esbuild/netbsd-arm64@0.24.1":
  version "0.24.1"
  resolved "https://registry.yarnpkg.com/@esbuild/netbsd-arm64/-/netbsd-arm64-0.24.1.tgz#03d24e0aa8e29b97d279a5599dc7a8c62e1b981b"
  integrity sha512-lH+bWKi8aCvlDu0vDVcZV4ENiHjVus3SQFueeydJ/mSfKywQ3LnbSjJ8PUgj+3dllq1OTFCGgh+x/14hrULVrg==

"@esbuild/netbsd-x64@0.24.1":
  version "0.24.1"
  resolved "https://registry.yarnpkg.com/@esbuild/netbsd-x64/-/netbsd-x64-0.24.1.tgz#b76ca03f77bdf9716216f486b412acf6a16af555"
  integrity sha512-OdjqCVKtJuxRk9gPit/iI4/wSCGOnCcuPkgkT8Pt+0vM63QUOBd5oNX2umXUBr4bYTpSCL/aGxrAb3qENcqA4g==

"@esbuild/openbsd-arm64@0.24.1":
  version "0.24.1"
  resolved "https://registry.yarnpkg.com/@esbuild/openbsd-arm64/-/openbsd-arm64-0.24.1.tgz#117fe1658cab3f2b42c10ed1fae908f571acf4af"
  integrity sha512-wy2psEw0wc+xbSB4Et3XZaONClCagOlQTsqRJaLtCcPggnuZMfb17c5T5w6RO6pFF5J2SWoM7+MJuWUEzvQN+Q==

"@esbuild/openbsd-x64@0.24.1":
  version "0.24.1"
  resolved "https://registry.yarnpkg.com/@esbuild/openbsd-x64/-/openbsd-x64-0.24.1.tgz#151910da3437f290cca8b74d042fb496c0ab79a0"
  integrity sha512-GClG42X5JYHoQU5Jry0u+uN2vmKOwrifl10IvDBXtkxyGr9oqOJyrd2U+H2ZoZGNIt21d7WcVJJmJq3I3fl+5g==

"@esbuild/sunos-x64@0.24.1":
  version "0.24.1"
  resolved "https://registry.yarnpkg.com/@esbuild/sunos-x64/-/sunos-x64-0.24.1.tgz#a6e3b3ff72ab74555626a2f44e27ce300f6a2d5e"
  integrity sha512-a0VfBsFPrlFKxzXuJ4nP0ia3jEbzBk/JW2wEW44dwr0RDOr/Y1+d+EJgT6L3h8y9X8ctig7ks0rWlbjkPn6PcA==

"@esbuild/win32-arm64@0.24.1":
  version "0.24.1"
  resolved "https://registry.yarnpkg.com/@esbuild/win32-arm64/-/win32-arm64-0.24.1.tgz#a2b6216c6e6915ba71afed29c354cf8b0ad11df0"
  integrity sha512-HqeXG1ttUnENzcGlPr0ouQHk8PQIoWi3thXElmafH1pVxC94sYdBVQregb2Qz7l1BmooUIOnzCGPCT4Oma0yTg==

"@esbuild/win32-ia32@0.24.1":
  version "0.24.1"
  resolved "https://registry.yarnpkg.com/@esbuild/win32-ia32/-/win32-ia32-0.24.1.tgz#82f4e6ae61b2cee14058b64cdbf2fc8b47ce4a43"
  integrity sha512-uA0iNg5jSy9XMiugX8Qtm3p9uUl9hi4JbOY18KnFBNTB+GsfJIWrDpE1cRFZrSHePiZs9cAwnprILpAKJWuYig==

"@esbuild/win32-x64@0.24.1":
  version "0.24.1"
  resolved "https://registry.yarnpkg.com/@esbuild/win32-x64/-/win32-x64-0.24.1.tgz#91ce1b1b64eed94ff37d4cafdcf0067e7488cbd5"
  integrity sha512-wekV0z60AyaD8yYgRtxckqvGzzVaQmQRAhNrR352KzXLfhc4peh3UBMMmtYHbOqml6KblKy7oihC1eaZS68vRw==

"@hotwired/stimulus@^3.2.2":
  version "3.2.2"
  resolved "https://registry.yarnpkg.com/@hotwired/stimulus/-/stimulus-3.2.2.tgz#071aab59c600fed95b97939e605ff261a4251608"
  integrity sha512-eGeIqNOQpXoPAIP7tC1+1Yc1yl1xnwYqg+3mzqxyrbE5pg5YFBZcA6YoTiByJB6DKAEsiWtl6tjTJS4IYtbB7A==

"@hotwired/turbo-rails@^8.0.12":
  version "8.0.12"
  resolved "https://registry.yarnpkg.com/@hotwired/turbo-rails/-/turbo-rails-8.0.12.tgz#6f1a2661122c0a2bf717f3bc68b5106638798c89"
  integrity sha512-ZXwu9ez+Gd4RQNeHIitqOQgi/LyqY8J4JqsUN0nnYiZDBRq7IreeFdMbz29VdJpIsmYqwooE4cFzPU7QvJkQkA==
  dependencies:
    "@hotwired/turbo" "^8.0.12"
    "@rails/actioncable" "^7.0"

"@hotwired/turbo@^8.0.12":
  version "8.0.12"
  resolved "https://registry.yarnpkg.com/@hotwired/turbo/-/turbo-8.0.12.tgz#50aa8345d7f62402680c6d2d9814660761837001"
  integrity sha512-l3BiQRkD7qrnQv6ms6sqPLczvwbQpXt5iAVwjDvX0iumrz6yEonQkNAzNjeDX25/OJMFDTxpHjkJZHGpM9ikWw==

"@rails/actioncable@^7.0":
  version "7.2.201"
  resolved "https://registry.yarnpkg.com/@rails/actioncable/-/actioncable-7.2.201.tgz#bfb3da01b3e2462f5a18f372c52dedd7de76037f"
  integrity sha512-wsTdWoZ5EfG5k3t7ORdyQF0ZmDEgN4aVPCanHAiNEwCROqibSZMXXmCbH7IDJUVri4FOeAVwwbPINI7HVHPKBw==

"@tanstack/query-core@5.62.9":
  version "5.62.9"
  resolved "https://registry.yarnpkg.com/@tanstack/query-core/-/query-core-5.62.9.tgz#94231ffea5de086b5e6c0f1e527cda5650cb1849"
  integrity sha512-lwePd8hNYhyQ4nM/iRQ+Wz2cDtspGeZZHFZmCzHJ7mfKXt+9S301fULiY2IR2byJYY6Z03T427E5PoVfMexHjw==

"@tanstack/react-query@^5.62.11":
  version "5.62.11"
  resolved "https://registry.yarnpkg.com/@tanstack/react-query/-/react-query-5.62.11.tgz#95a615a60dc8fd836a5085dea2739a62f4953f55"
  integrity sha512-Xb1nw0cYMdtFmwkvH9+y5yYFhXvLRCnXoqlzSw7UkqtCVFq3cG8q+rHZ2Yz1XrC+/ysUaTqbLKJqk95mCgC1oQ==
  dependencies:
    "@tanstack/query-core" "5.62.9"

esbuild@^0.24.1:
  version "0.24.1"
  resolved "https://registry.yarnpkg.com/esbuild/-/esbuild-0.24.1.tgz#ef19d4bc6347a274e2cee099d8e83beb31e41197"
  integrity sha512-bHNW57YAKNh1VSbXP33EL9DevtRuT10czGhL9ynKpOAeBMNAkzsP8FSNoFTbU3abQB7kOb+JqUc89FqlZNbEeQ==
  optionalDependencies:
    "@esbuild/aix-ppc64" "0.24.1"
    "@esbuild/android-arm" "0.24.1"
    "@esbuild/android-arm64" "0.24.1"
    "@esbuild/android-x64" "0.24.1"
    "@esbuild/darwin-arm64" "0.24.1"
    "@esbuild/darwin-x64" "0.24.1"
    "@esbuild/freebsd-arm64" "0.24.1"
    "@esbuild/freebsd-x64" "0.24.1"
    "@esbuild/linux-arm" "0.24.1"
    "@esbuild/linux-arm64" "0.24.1"
    "@esbuild/linux-ia32" "0.24.1"
    "@esbuild/linux-loong64" "0.24.1"
    "@esbuild/linux-mips64el" "0.24.1"
    "@esbuild/linux-ppc64" "0.24.1"
    "@esbuild/linux-riscv64" "0.24.1"
    "@esbuild/linux-s390x" "0.24.1"
    "@esbuild/linux-x64" "0.24.1"
    "@esbuild/netbsd-arm64" "0.24.1"
    "@esbuild/netbsd-x64" "0.24.1"
    "@esbuild/openbsd-arm64" "0.24.1"
    "@esbuild/openbsd-x64" "0.24.1"
    "@esbuild/sunos-x64" "0.24.1"
    "@esbuild/win32-arm64" "0.24.1"
    "@esbuild/win32-ia32" "0.24.1"
    "@esbuild/win32-x64" "0.24.1"

react-dom@^19.0.0:
  version "19.0.0"
  resolved "https://registry.yarnpkg.com/react-dom/-/react-dom-19.0.0.tgz#43446f1f01c65a4cd7f7588083e686a6726cfb57"
  integrity sha512-4GV5sHFG0e/0AD4X+ySy6UJd3jVl1iNsNHdpad0qhABJ11twS3TTBnseqsKurKcsNqCEFeGL3uLpVChpIO3QfQ==
  dependencies:
    scheduler "^0.25.0"

react@^19.0.0:
  version "19.0.0"
  resolved "https://registry.yarnpkg.com/react/-/react-19.0.0.tgz#6e1969251b9f108870aa4bff37a0ce9ddfaaabdd"
  integrity sha512-V8AVnmPIICiWpGfm6GLzCR/W5FXLchHop40W4nXBmdlEceh16rCN8O8LNWm5bh5XUX91fh7KpA+W0TgMKmgTpQ==

scheduler@^0.25.0:
  version "0.25.0"
  resolved "https://registry.yarnpkg.com/scheduler/-/scheduler-0.25.0.tgz#336cd9768e8cceebf52d3c80e3dcf5de23e7e015"
  integrity sha512-xFVuu11jh+xcO7JOAGJNOXld8/TcEHK/4CituBUeUb5hqxJLj9YuemAEuvm9gQ/+pgXYfbQuqAkiYu+u7YEsNA==
